
Microsoft Visual Studio Solution File, Format Version 12.00
# Visual Studio 2013
VisualStudioVersion = 12.0.40629.0
MinimumVisualStudioVersion = 10.0.40219.1
Project("{FAE04EC0-301F-11D3-BF4B-00C04F79EFBC}") = "cookie", "cookie\cookie.csproj", "{6687F00E-0546-4A07-9406-4688A58B53B6}"
EndProject
Project("{FAE04EC0-301F-11D3-BF4B-00C04F79EFBC}") = "childDomain", "childDomain\childDomain.csproj", "{448DF1BF-0AEE-47C1-A570-285A67428127}"
EndProject
Project("{FAE04EC0-301F-11D3-BF4B-00C04F79EFBC}") = "DomainB", "DomainB\DomainB.csproj", "{EC1A0017-CFB6-41BF-AD9D-FB40F00B9062}"
EndProject
Global
	GlobalSection(SolutionConfigurationPlatforms) = preSolution
		Debug|Any CPU = Debug|Any CPU
		Release|Any CPU = Release|Any CPU
	EndGlobalSection
	GlobalSection(ProjectConfigurationPlatforms) = postSolution
		{6687F00E-0546-4A07-9406-4688A58B53B6}.Debug|Any CPU.ActiveCfg = Debug|Any CPU
		{6687F00E-0546-4A07-9406-4688A58B53B6}.Debug|Any CPU.Build.0 = Debug|Any CPU
		{6687F00E-0546-4A07-9406-4688A58B53B6}.Release|Any CPU.ActiveCfg = Release|Any CPU
		{6687F00E-0546-4A07-9406-4688A58B53B6}.Release|Any CPU.Build.0 = Release|Any CPU
		{448DF1BF-0AEE-47C1-A570-285A67428127}.Debug|Any CPU.ActiveCfg = Debug|Any CPU
		{448DF1BF-0AEE-47C1-A570-285A67428127}.Debug|Any CPU.Build.0 = Debug|Any CPU
		{448DF1BF-0AEE-47C1-A570-285A67428127}.Release|Any CPU.ActiveCfg = Release|Any CPU
		{448DF1BF-0AEE-47C1-A570-285A67428127}.Release|Any CPU.Build.0 = Release|Any CPU
		{EC1A0017-CFB6-41BF-AD9D-FB40F00B9062}.Debug|Any CPU.ActiveCfg = Debug|Any CPU
		{EC1A0017-CFB6-41BF-AD9D-FB40F00B9062}.Debug|Any CPU.Build.0 = Debug|Any CPU
		{EC1A0017-CFB6-41BF-AD9D-FB40F00B9062}.Release|Any CPU.ActiveCfg = Release|Any CPU
		{EC1A0017-CFB6-41BF-AD9D-FB40F00B9062}.Release|Any CPU.Build.0 = Release|Any CPU
	EndGlobalSection
	GlobalSection(SolutionProperties) = preSolution
		HideSolutionNode = FALSE
	EndGlobalSection
EndGlobal
